// !$*UTF8*$!
{
	archiveVersion = 1;
	classes = {
	};
	objectVersion = 55;
	objects = {

/* Begin PBXBuildFile section */
		BB84BF93288749A1008EC2F4 /* Individual+CoreData.swift in Sources */ = {isa = PBXBuildFile; fileRef = BB84BF92288749A1008EC2F4 /* Individual+CoreData.swift */; };
		BB84BF9628874BCE008EC2F4 /* IndividualRow.swift in Sources */ = {isa = PBXBuildFile; fileRef = BB84BF9528874BCE008EC2F4 /* IndividualRow.swift */; };
		BB84BF982887502D008EC2F4 /* IndividualView.swift in Sources */ = {isa = PBXBuildFile; fileRef = BB84BF972887502D008EC2F4 /* IndividualView.swift */; };
		BB84BF9A2887A368008EC2F4 /* ImageUtils.swift in Sources */ = {isa = PBXBuildFile; fileRef = BB84BF992887A368008EC2F4 /* ImageUtils.swift */; };
		BB936B5928864A7700D527EA /* InterviewApp.swift in Sources */ = {isa = PBXBuildFile; fileRef = BB936B5828864A7700D527EA /* InterviewApp.swift */; };
		BB936B5B28864A7700D527EA /* ContentView.swift in Sources */ = {isa = PBXBuildFile; fileRef = BB936B5A28864A7700D527EA /* ContentView.swift */; };
		BB936B5D28864A7800D527EA /* Assets.xcassets in Resources */ = {isa = PBXBuildFile; fileRef = BB936B5C28864A7800D527EA /* Assets.xcassets */; };
		BB936B6028864A7800D527EA /* Preview Assets.xcassets in Resources */ = {isa = PBXBuildFile; fileRef = BB936B5F28864A7800D527EA /* Preview Assets.xcassets */; };
		BB936B6828864ABC00D527EA /* Interview.xcdatamodeld in Sources */ = {isa = PBXBuildFile; fileRef = BB936B6628864ABC00D527EA /* Interview.xcdatamodeld */; };
		BB936B6A28864B1400D527EA /* DataController.swift in Sources */ = {isa = PBXBuildFile; fileRef = BB936B6928864B1400D527EA /* DataController.swift */; };
		BB936B6D28864C5900D527EA /* LoadData.swift in Sources */ = {isa = PBXBuildFile; fileRef = BB936B6C28864C5900D527EA /* LoadData.swift */; };
		BB936B71288652D900D527EA /* InitializeData.swift in Sources */ = {isa = PBXBuildFile; fileRef = BB936B70288652D900D527EA /* InitializeData.swift */; };
		BB936B732886535100D527EA /* StringError.swift in Sources */ = {isa = PBXBuildFile; fileRef = BB936B722886535100D527EA /* StringError.swift */; };
		BB936B752886545100D527EA /* LoadJSONData.swift in Sources */ = {isa = PBXBuildFile; fileRef = BB936B742886545100D527EA /* LoadJSONData.swift */; };
/* End PBXBuildFile section */

/* Begin PBXFileReference section */
		BB84BF92288749A1008EC2F4 /* Individual+CoreData.swift */ = {isa = PBXFileReference; lastKnownFileType = sourcecode.swift; path = "Individual+CoreData.swift"; sourceTree = "<group>"; };
		BB84BF9528874BCE008EC2F4 /* IndividualRow.swift */ = {isa = PBXFileReference; lastKnownFileType = sourcecode.swift; path = IndividualRow.swift; sourceTree = "<group>"; };
		BB84BF972887502D008EC2F4 /* IndividualView.swift */ = {isa = PBXFileReference; lastKnownFileType = sourcecode.swift; path = IndividualView.swift; sourceTree = "<group>"; };
		BB84BF992887A368008EC2F4 /* ImageUtils.swift */ = {isa = PBXFileReference; lastKnownFileType = sourcecode.swift; path = ImageUtils.swift; sourceTree = "<group>"; };
		BB936B5528864A7700D527EA /* Interview.app */ = {isa = PBXFileReference; explicitFileType = wrapper.application; includeInIndex = 0; path = Interview.app; sourceTree = BUILT_PRODUCTS_DIR; };
		BB936B5828864A7700D527EA /* InterviewApp.swift */ = {isa = PBXFileReference; lastKnownFileType = sourcecode.swift; path = InterviewApp.swift; sourceTree = "<group>"; };
		BB936B5A28864A7700D527EA /* ContentView.swift */ = {isa = PBXFileReference; lastKnownFileType = sourcecode.swift; path = ContentView.swift; sourceTree = "<group>"; };
		BB936B5C28864A7800D527EA /* Assets.xcassets */ = {isa = PBXFileReference; lastKnownFileType = folder.assetcatalog; path = Assets.xcassets; sourceTree = "<group>"; };
		BB936B5F28864A7800D527EA /* Preview Assets.xcassets */ = {isa = PBXFileReference; lastKnownFileType = folder.assetcatalog; path = "Preview Assets.xcassets"; sourceTree = "<group>"; };
		BB936B6728864ABC00D527EA /* Interview.xcdatamodel */ = {isa = PBXFileReference; lastKnownFileType = wrapper.xcdatamodel; path = Interview.xcdatamodel; sourceTree = "<group>"; };
		BB936B6928864B1400D527EA /* DataController.swift */ = {isa = PBXFileReference; lastKnownFileType = sourcecode.swift; path = DataController.swift; sourceTree = "<group>"; };
		BB936B6C28864C5900D527EA /* LoadData.swift */ = {isa = PBXFileReference; fileEncoding = 4; lastKnownFileType = sourcecode.swift; path = LoadData.swift; sourceTree = "<group>"; };
		BB936B70288652D900D527EA /* InitializeData.swift */ = {isa = PBXFileReference; lastKnownFileType = sourcecode.swift; path = InitializeData.swift; sourceTree = "<group>"; };
		BB936B722886535100D527EA /* StringError.swift */ = {isa = PBXFileReference; lastKnownFileType = sourcecode.swift; path = StringError.swift; sourceTree = "<group>"; };
		BB936B742886545100D527EA /* LoadJSONData.swift */ = {isa = PBXFileReference; lastKnownFileType = sourcecode.swift; path = LoadJSONData.swift; sourceTree = "<group>"; };
/* End PBXFileReference section */

/* Begin PBXFrameworksBuildPhase section */
		BB936B5228864A7700D527EA /* Frameworks */ = {
			isa = PBXFrameworksBuildPhase;
			buildActionMask = 2147483647;
			files = (
			);
			runOnlyForDeploymentPostprocessing = 0;
		};
/* End PBXFrameworksBuildPhase section */

/* Begin PBXGroup section */
		BB84BF9428874A5F008EC2F4 /* Views */ = {
			isa = PBXGroup;
			children = (
				BB936B5A28864A7700D527EA /* ContentView.swift */,
				BB84BF9528874BCE008EC2F4 /* IndividualRow.swift */,
				BB84BF972887502D008EC2F4 /* IndividualView.swift */,
			);
			path = Views;
			sourceTree = "<group>";
		};
		BB936B4C28864A7700D527EA = {
			isa = PBXGroup;
			children = (
				BB936B5728864A7700D527EA /* Interview */,
				BB936B5628864A7700D527EA /* Products */,
			);
			sourceTree = "<group>";
		};
		BB936B5628864A7700D527EA /* Products */ = {
			isa = PBXGroup;
			children = (
				BB936B5528864A7700D527EA /* Interview.app */,
			);
			name = Products;
			sourceTree = "<group>";
		};
		BB936B5728864A7700D527EA /* Interview */ = {
			isa = PBXGroup;
			children = (
				BB84BF9428874A5F008EC2F4 /* Views */,
				BB936B5C28864A7800D527EA /* Assets.xcassets */,
				BB936B6928864B1400D527EA /* DataController.swift */,
				BB84BF92288749A1008EC2F4 /* Individual+CoreData.swift */,
				BB936B6628864ABC00D527EA /* Interview.xcdatamodeld */,
				BB936B5828864A7700D527EA /* InterviewApp.swift */,
				BB936B5E28864A7800D527EA /* Preview Content */,
				BB936B722886535100D527EA /* StringError.swift */,
				BB936B6B28864C3D00D527EA /* Utilities */,
			);
			path = Interview;
			sourceTree = "<group>";
		};
		BB936B5E28864A7800D527EA /* Preview Content */ = {
			isa = PBXGroup;
			children = (
				BB936B5F28864A7800D527EA /* Preview Assets.xcassets */,
			);
			path = "Preview Content";
			sourceTree = "<group>";
		};
		BB936B6B28864C3D00D527EA /* Utilities */ = {
			isa = PBXGroup;
			children = (
				BB936B6C28864C5900D527EA /* LoadData.swift */,
				BB936B70288652D900D527EA /* InitializeData.swift */,
				BB936B742886545100D527EA /* LoadJSONData.swift */,
				BB84BF992887A368008EC2F4 /* ImageUtils.swift */,
			);
			path = Utilities;
			sourceTree = "<group>";
		};
/* End PBXGroup section */

/* Begin PBXNativeTarget section */
		BB936B5428864A7700D527EA /* Interview */ = {
			isa = PBXNativeTarget;
			buildConfigurationList = BB936B6328864A7800D527EA /* Build configuration list for PBXNativeTarget "Interview" */;
			buildPhases = (
				BB936B5128864A7700D527EA /* Sources */,
				BB936B5228864A7700D527EA /* Frameworks */,
				BB936B5328864A7700D527EA /* Resources */,
			);
			buildRules = (
			);
			dependencies = (
			);
			name = Interview;
			productName = Interview;
			productReference = BB936B5528864A7700D527EA /* Interview.app */;
			productType = "com.apple.product-type.application";
		};
/* End PBXNativeTarget section */

/* Begin PBXProject section */
		BB936B4D28864A7700D527EA /* Project object */ = {
			isa = PBXProject;
			attributes = {
				BuildIndependentTargetsInParallel = 1;
				LastSwiftUpdateCheck = 1320;
				LastUpgradeCheck = 1320;
				TargetAttributes = {
					BB936B5428864A7700D527EA = {
						CreatedOnToolsVersion = 13.2;
					};
				};
			};
			buildConfigurationList = BB936B5028864A7700D527EA /* Build configuration list for PBXProject "Interview" */;
			compatibilityVersion = "Xcode 13.0";
			developmentRegion = en;
			hasScannedForEncodings = 0;
			knownRegions = (
				en,
				Base,
			);
			mainGroup = BB936B4C28864A7700D527EA;
			productRefGroup = BB936B5628864A7700D527EA /* Products */;
			projectDirPath = "";
			projectRoot = "";
			targets = (
				BB936B5428864A7700D527EA /* Interview */,
			);
		};
/* End PBXProject section */

/* Begin PBXResourcesBuildPhase section */
		BB936B5328864A7700D527EA /* Resources */ = {
			isa = PBXResourcesBuildPhase;
			buildActionMask = 2147483647;
			files = (
				BB936B6028864A7800D527EA /* Preview Assets.xcassets in Resources */,
				BB936B5D28864A7800D527EA /* Assets.xcassets in Resources */,
			);
			runOnlyForDeploymentPostprocessing = 0;
		};
/* End PBXResourcesBuildPhase section */

/* Begin PBXSourcesBuildPhase section */
		BB936B5128864A7700D527EA /* Sources */ = {
			isa = PBXSourcesBuildPhase;
			buildActionMask = 2147483647;
			files = (
				BB936B5B28864A7700D527EA /* ContentView.swift in Sources */,
				BB84BF93288749A1008EC2F4 /* Individual+CoreData.swift in Sources */,
				BB936B752886545100D527EA /* LoadJSONData.swift in Sources */,
				BB936B6D28864C5900D527EA /* LoadData.swift in Sources */,
				BB936B732886535100D527EA /* StringError.swift in Sources */,
				BB936B6A28864B1400D527EA /* DataController.swift in Sources */,
				BB936B71288652D900D527EA /* InitializeData.swift in Sources */,
				BB936B5928864A7700D527EA /* InterviewApp.swift in Sources */,
				BB84BF982887502D008EC2F4 /* IndividualView.swift in Sources */,
				BB936B6828864ABC00D527EA /* Interview.xcdatamodeld in Sources */,
				BB84BF9628874BCE008EC2F4 /* IndividualRow.swift in Sources */,
				BB84BF9A2887A368008EC2F4 /* ImageUtils.swift in Sources */,
			);
			runOnlyForDeploymentPostprocessing = 0;
		};
/* End PBXSourcesBuildPhase section */

/* Begin XCBuildConfiguration section */
		BB936B6128864A7800D527EA /* Debug */ = {
			isa = XCBuildConfiguration;
			buildSettings = {
				ALWAYS_SEARCH_USER_PATHS = NO;
				CLANG_ANALYZER_NONNULL = YES;
				CLANG_ANALYZER_NUMBER_OBJECT_CONVERSION = YES_AGGRESSIVE;
				CLANG_CXX_LANGUAGE_STANDARD = "gnu++17";
				CLANG_CXX_LIBRARY = "libc++";
				CLANG_ENABLE_MODULES = YES;
				CLANG_ENABLE_OBJC_ARC = YES;
				CLANG_ENABLE_OBJC_WEAK = YES;
				CLANG_WARN_BLOCK_CAPTURE_AUTORELEASING = YES;
				CLANG_WARN_BOOL_CONVERSION = YES;
				CLANG_WARN_COMMA = YES;
				CLANG_WARN_CONSTANT_CONVERSION = YES;
				CLANG_WARN_DEPRECATED_OBJC_IMPLEMENTATIONS = YES;
				CLANG_WARN_DIRECT_OBJC_ISA_USAGE = YES_ERROR;
				CLANG_WARN_DOCUMENTATION_COMMENTS = YES;
				CLANG_WARN_EMPTY_BODY = YES;
				CLANG_WARN_ENUM_CONVERSION = YES;
				CLANG_WARN_INFINITE_RECURSION = YES;
				CLANG_WARN_INT_CONVERSION = YES;
				CLANG_WARN_NON_LITERAL_NULL_CONVERSION = YES;
				CLANG_WARN_OBJC_IMPLICIT_RETAIN_SELF = YES;
				CLANG_WARN_OBJC_LITERAL_CONVERSION = YES;
				CLANG_WARN_OBJC_ROOT_CLASS = YES_ERROR;
				CLANG_WARN_QUOTED_INCLUDE_IN_FRAMEWORK_HEADER = YES;
				CLANG_WARN_RANGE_LOOP_ANALYSIS = YES;
				CLANG_WARN_STRICT_PROTOTYPES = YES;
				CLANG_WARN_SUSPICIOUS_MOVE = YES;
				CLANG_WARN_UNGUARDED_AVAILABILITY = YES_AGGRESSIVE;
				CLANG_WARN_UNREACHABLE_CODE = YES;
				CLANG_WARN__DUPLICATE_METHOD_MATCH = YES;
				COPY_PHASE_STRIP = NO;
				DEBUG_INFORMATION_FORMAT = dwarf;
				ENABLE_STRICT_OBJC_MSGSEND = YES;
				ENABLE_TESTABILITY = YES;
				GCC_C_LANGUAGE_STANDARD = gnu11;
				GCC_DYNAMIC_NO_PIC = NO;
				GCC_NO_COMMON_BLOCKS = YES;
				GCC_OPTIMIZATION_LEVEL = 0;
				GCC_PREPROCESSOR_DEFINITIONS = (
					"DEBUG=1",
					"$(inherited)",
				);
				GCC_WARN_64_TO_32_BIT_CONVERSION = YES;
				GCC_WARN_ABOUT_RETURN_TYPE = YES_ERROR;
				GCC_WARN_UNDECLARED_SELECTOR = YES;
				GCC_WARN_UNINITIALIZED_AUTOS = YES_AGGRESSIVE;
				GCC_WARN_UNUSED_FUNCTION = YES;
				GCC_WARN_UNUSED_VARIABLE = YES;
				IPHONEOS_DEPLOYMENT_TARGET = 15.2;
				MTL_ENABLE_DEBUG_INFO = INCLUDE_SOURCE;
				MTL_FAST_MATH = YES;
				ONLY_ACTIVE_ARCH = YES;
				SDKROOT = iphoneos;
				SWIFT_ACTIVE_COMPILATION_CONDITIONS = DEBUG;
				SWIFT_OPTIMIZATION_LEVEL = "-Onone";
			};
			name = Debug;
		};
		BB936B6228864A7800D527EA /* Release */ = {
			isa = XCBuildConfiguration;
			buildSettings = {
				ALWAYS_SEARCH_USER_PATHS = NO;
				CLANG_ANALYZER_NONNULL = YES;
				CLANG_ANALYZER_NUMBER_OBJECT_CONVERSION = YES_AGGRESSIVE;
				CLANG_CXX_LANGUAGE_STANDARD = "gnu++17";
				CLANG_CXX_LIBRARY = "libc++";
				CLANG_ENABLE_MODULES = YES;
				CLANG_ENABLE_OBJC_ARC = YES;
				CLANG_ENABLE_OBJC_WEAK = YES;
				CLANG_WARN_BLOCK_CAPTURE_AUTORELEASING = YES;
				CLANG_WARN_BOOL_CONVERSION = YES;
				CLANG_WARN_COMMA = YES;
				CLANG_WARN_CONSTANT_CONVERSION = YES;
				CLANG_WARN_DEPRECATED_OBJC_IMPLEMENTATIONS = YES;
				CLANG_WARN_DIRECT_OBJC_ISA_USAGE = YES_ERROR;
				CLANG_WARN_DOCUMENTATION_COMMENTS = YES;
				CLANG_WARN_EMPTY_BODY = YES;
				CLANG_WARN_ENUM_CONVERSION = YES;
				CLANG_WARN_INFINITE_RECURSION = YES;
				CLANG_WARN_INT_CONVERSION = YES;
				CLANG_WARN_NON_LITERAL_NULL_CONVERSION = YES;
				CLANG_WARN_OBJC_IMPLICIT_RETAIN_SELF = YES;
				CLANG_WARN_OBJC_LITERAL_CONVERSION = YES;
				CLANG_WARN_OBJC_ROOT_CLASS = YES_ERROR;
				CLANG_WARN_QUOTED_INCLUDE_IN_FRAMEWORK_HEADER = YES;
				CLANG_WARN_RANGE_LOOP_ANALYSIS = YES;
				CLANG_WARN_STRICT_PROTOTYPES = YES;
				CLANG_WARN_SUSPICIOUS_MOVE = YES;
				CLANG_WARN_UNGUARDED_AVAILABILITY = YES_AGGRESSIVE;
				CLANG_WARN_UNREACHABLE_CODE = YES;
				CLANG_WARN__DUPLICATE_METHOD_MATCH = YES;
				COPY_PHASE_STRIP = NO;
				DEBUG_INFORMATION_FORMAT = "dwarf-with-dsym";
				ENABLE_NS_ASSERTIONS = NO;
				ENABLE_STRICT_OBJC_MSGSEND = YES;
				GCC_C_LANGUAGE_STANDARD = gnu11;
				GCC_NO_COMMON_BLOCKS = YES;
				GCC_WARN_64_TO_32_BIT_CONVERSION = YES;
				GCC_WARN_ABOUT_RETURN_TYPE = YES_ERROR;
				GCC_WARN_UNDECLARED_SELECTOR = YES;
				GCC_WARN_UNINITIALIZED_AUTOS = YES_AGGRESSIVE;
				GCC_WARN_UNUSED_FUNCTION = YES;
				GCC_WARN_UNUSED_VARIABLE = YES;
				IPHONEOS_DEPLOYMENT_TARGET = 15.2;
				MTL_ENABLE_DEBUG_INFO = NO;
				MTL_FAST_MATH = YES;
				SDKROOT = iphoneos;
				SWIFT_COMPILATION_MODE = wholemodule;
				SWIFT_OPTIMIZATION_LEVEL = "-O";
				VALIDATE_PRODUCT = YES;
			};
			name = Release;
		};
		BB936B6428864A7800D527EA /* Debug */ = {
			isa = XCBuildConfiguration;
			buildSettings = {
				ASSETCATALOG_COMPILER_APPICON_NAME = AppIcon;
				ASSETCATALOG_COMPILER_GLOBAL_ACCENT_COLOR_NAME = AccentColor;
				CODE_SIGN_STYLE = Automatic;
				CURRENT_PROJECT_VERSION = 1;
				DEVELOPMENT_ASSET_PATHS = "\"Interview/Preview Content\"";
				DEVELOPMENT_TEAM = H3PJE4A25S;
				ENABLE_PREVIEWS = YES;
				GENERATE_INFOPLIST_FILE = YES;
				INFOPLIST_KEY_UIApplicationSceneManifest_Generation = YES;
				INFOPLIST_KEY_UIApplicationSupportsIndirectInputEvents = YES;
				INFOPLIST_KEY_UILaunchScreen_Generation = YES;
				INFOPLIST_KEY_UISupportedInterfaceOrientations_iPad = "UIInterfaceOrientationPortrait UIInterfaceOrientationPortraitUpsideDown UIInterfaceOrientationLandscapeLeft UIInterfaceOrientationLandscapeRight";
				INFOPLIST_KEY_UISupportedInterfaceOrientations_iPhone = "UIInterfaceOrientationPortrait UIInterfaceOrientationLandscapeLeft UIInterfaceOrientationLandscapeRight";
				LD_RUNPATH_SEARCH_PATHS = (
					"$(inherited)",
					"@executable_path/Frameworks",
				);
				MARKETING_VERSION = 1.0;
				PRODUCT_BUNDLE_IDENTIFIER = org.haroldstuart.Interview;
				PRODUCT_NAME = "$(TARGET_NAME)";
				SWIFT_EMIT_LOC_STRINGS = YES;
				SWIFT_VERSION = 5.0;
				TARGETED_DEVICE_FAMILY = "1,2";
			};
			name = Debug;
		};
		BB936B6528864A7800D527EA /* Release */ = {
			isa = XCBuildConfiguration;
			buildSettings = {
				ASSETCATALOG_COMPILER_APPICON_NAME = AppIcon;
				ASSETCATALOG_COMPILER_GLOBAL_ACCENT_COLOR_NAME = AccentColor;
				CODE_SIGN_STYLE = Automatic;
				CURRENT_PROJECT_VERSION = 1;
				DEVELOPMENT_ASSET_PATHS = "\"Interview/Preview Content\"";
				DEVELOPMENT_TEAM = H3PJE4A25S;
				ENABLE_PREVIEWS = YES;
				GENERATE_INFOPLIST_FILE = YES;
				INFOPLIST_KEY_UIApplicationSceneManifest_Generation = YES;
				INFOPLIST_KEY_UIApplicationSupportsIndirectInputEvents = YES;
				INFOPLIST_KEY_UILaunchScreen_Generation = YES;
				INFOPLIST_KEY_UISupportedInterfaceOrientations_iPad = "UIInterfaceOrientationPortrait UIInterfaceOrientationPortraitUpsideDown UIInterfaceOrientationLandscapeLeft UIInterfaceOrientationLandscapeRight";
				INFOPLIST_KEY_UISupportedInterfaceOrientations_iPhone = "UIInterfaceOrientationPortrait UIInterfaceOrientationLandscapeLeft UIInterfaceOrientationLandscapeRight";
				LD_RUNPATH_SEARCH_PATHS = (
					"$(inherited)",
					"@executable_path/Frameworks",
				);
				MARKETING_VERSION = 1.0;
				PRODUCT_BUNDLE_IDENTIFIER = org.haroldstuart.Interview;
				PRODUCT_NAME = "$(TARGET_NAME)";
				SWIFT_EMIT_LOC_STRINGS = YES;
				SWIFT_VERSION = 5.0;
				TARGETED_DEVICE_FAMILY = "1,2";
			};
			name = Release;
		};
/* End XCBuildConfiguration section */

/* Begin XCConfigurationList section */
		BB936B5028864A7700D527EA /* Build configuration list for PBXProject "Interview" */ = {
			isa = XCConfigurationList;
			buildConfigurations = (
				BB936B6128864A7800D527EA /* Debug */,
				BB936B6228864A7800D527EA /* Release */,
			);
			defaultConfigurationIsVisible = 0;
			defaultConfigurationName = Release;
		};
		BB936B6328864A7800D527EA /* Build configuration list for PBXNativeTarget "Interview" */ = {
			isa = XCConfigurationList;
			buildConfigurations = (
				BB936B6428864A7800D527EA /* Debug */,
				BB936B6528864A7800D527EA /* Release */,
			);
			defaultConfigurationIsVisible = 0;
			defaultConfigurationName = Release;
		};
/* End XCConfigurationList section */

/* Begin XCVersionGroup section */
		BB936B6628864ABC00D527EA /* Interview.xcdatamodeld */ = {
			isa = XCVersionGroup;
			children = (
				BB936B6728864ABC00D527EA /* Interview.xcdatamodel */,
			);
			currentVersion = BB936B6728864ABC00D527EA /* Interview.xcdatamodel */;
			path = Interview.xcdatamodeld;
			sourceTree = "<group>";
			versionGroupType = wrapper.xcdatamodel;
		};
/* End XCVersionGroup section */
	};
	rootObject = BB936B4D28864A7700D527EA /* Project object */;
}
